
Microsoft Visual Studio Solution File, Format Version 12.00
# Visual Studio Version 16
VisualStudioVersion = 16.0.30621.155
MinimumVisualStudioVersion = 10.0.40219.1
Project("{8BC9CEB8-8B4A-11D0-8D11-00A0C91BC942}") = "6.3.1", "6.3.1\6.3.1.vcxproj", "{901D7008-ECC7-491B-9449-1B447F497AC9}"
EndProject
Project("{8BC9CEB8-8B4A-11D0-8D11-00A0C91BC942}") = "UnitTest1", "UnitTest1\UnitTest1.vcxproj", "{F2838181-0832-4220-92B5-C41F5EB0E4ED}"
EndProject
Global
	GlobalSection(SolutionConfigurationPlatforms) = preSolution
		Debug|x64 = Debug|x64
		Debug|x86 = Debug|x86
		Release|x64 = Release|x64
		Release|x86 = Release|x86
	EndGlobalSection
	GlobalSection(ProjectConfigurationPlatforms) = postSolution
		{901D7008-ECC7-491B-9449-1B447F497AC9}.Debug|x64.ActiveCfg = Debug|x64
		{901D7008-ECC7-491B-9449-1B447F497AC9}.Debug|x64.Build.0 = Debug|x64
		{901D7008-ECC7-491B-9449-1B447F497AC9}.Debug|x86.ActiveCfg = Debug|Win32
		{901D7008-ECC7-491B-9449-1B447F497AC9}.Debug|x86.Build.0 = Debug|Win32
		{901D7008-ECC7-491B-9449-1B447F497AC9}.Release|x64.ActiveCfg = Release|x64
		{901D7008-ECC7-491B-9449-1B447F497AC9}.Release|x64.Build.0 = Release|x64
		{901D7008-ECC7-491B-9449-1B447F497AC9}.Release|x86.ActiveCfg = Release|Win32
		{901D7008-ECC7-491B-9449-1B447F497AC9}.Release|x86.Build.0 = Release|Win32
		{F2838181-0832-4220-92B5-C41F5EB0E4ED}.Debug|x64.ActiveCfg = Debug|x64
		{F2838181-0832-4220-92B5-C41F5EB0E4ED}.Debug|x64.Build.0 = Debug|x64
		{F2838181-0832-4220-92B5-C41F5EB0E4ED}.Debug|x86.ActiveCfg = Debug|Win32
		{F2838181-0832-4220-92B5-C41F5EB0E4ED}.Debug|x86.Build.0 = Debug|Win32
		{F2838181-0832-4220-92B5-C41F5EB0E4ED}.Release|x64.ActiveCfg = Release|x64
		{F2838181-0832-4220-92B5-C41F5EB0E4ED}.Release|x64.Build.0 = Release|x64
		{F2838181-0832-4220-92B5-C41F5EB0E4ED}.Release|x86.ActiveCfg = Release|Win32
		{F2838181-0832-4220-92B5-C41F5EB0E4ED}.Release|x86.Build.0 = Release|Win32
	EndGlobalSection
	GlobalSection(SolutionProperties) = preSolution
		HideSolutionNode = FALSE
	EndGlobalSection
	GlobalSection(ExtensibilityGlobals) = postSolution
		SolutionGuid = {6218D169-3DE6-4E13-8168-132B2837EA0B}
	EndGlobalSection
EndGlobal
